
Microsoft Visual Studio Solution File, Format Version 11.00
# Visual Studio 2010
Project("{FAE04EC0-301F-11D3-BF4B-00C04F79EFBC}") = "SyndicateManager", "SyndicateManager\SyndicateManager.csproj", "{E2A81219-3EF1-41B0-BDEE-66B02BA41911}"
EndProject
Global
	GlobalSection(SolutionConfigurationPlatforms) = preSolution
		Debug|Any CPU = Debug|Any CPU
		Release|Any CPU = Release|Any CPU
	EndGlobalSection
	GlobalSection(ProjectConfigurationPlatforms) = postSolution
		{E2A81219-3EF1-41B0-BDEE-66B02BA41911}.Debug|Any CPU.ActiveCfg = Debug|Any CPU
		{E2A81219-3EF1-41B0-BDEE-66B02BA41911}.Debug|Any CPU.Build.0 = Debug|Any CPU
		{E2A81219-3EF1-41B0-BDEE-66B02BA41911}.Release|Any CPU.ActiveCfg = Release|Any CPU
		{E2A81219-3EF1-41B0-BDEE-66B02BA41911}.Release|Any CPU.Build.0 = Release|Any CPU
	EndGlobalSection
	GlobalSection(SolutionProperties) = preSolution
		HideSolutionNode = FALSE
	EndGlobalSection
EndGlobal
